
Microsoft Visual Studio Solution File, Format Version 12.00
# Visual Studio Version 17
VisualStudioVersion = 17.2.32526.322
MinimumVisualStudioVersion = 10.0.40219.1
Project("{FAE04EC0-301F-11D3-BF4B-00C04F79EFBC}") = "chemicalApp", "chemicalApp\chemicalApp.csproj", "{04276AA6-392A-4685-B80D-83BBD97E0B63}"
EndProject
Global
	GlobalSection(SolutionConfigurationPlatforms) = preSolution
		Debug|Any CPU = Debug|Any CPU
		Release|Any CPU = Release|Any CPU
	EndGlobalSection
	GlobalSection(ProjectConfigurationPlatforms) = postSolution
		{04276AA6-392A-4685-B80D-83BBD97E0B63}.Debug|Any CPU.ActiveCfg = Debug|Any CPU
		{04276AA6-392A-4685-B80D-83BBD97E0B63}.Debug|Any CPU.Build.0 = Debug|Any CPU
		{04276AA6-392A-4685-B80D-83BBD97E0B63}.Release|Any CPU.ActiveCfg = Release|Any CPU
		{04276AA6-392A-4685-B80D-83BBD97E0B63}.Release|Any CPU.Build.0 = Release|Any CPU
	EndGlobalSection
	GlobalSection(SolutionProperties) = preSolution
		HideSolutionNode = FALSE
	EndGlobalSection
	GlobalSection(ExtensibilityGlobals) = postSolution
		SolutionGuid = {D6EBB8D6-1C4F-4112-B02A-EC455BB48033}
	EndGlobalSection
EndGlobal
